
Microsoft Visual Studio Solution File, Format Version 12.00
# Visual Studio Version 17
VisualStudioVersion = 17.2.32519.379
MinimumVisualStudioVersion = 10.0.40219.1
Project("{FAE04EC0-301F-11D3-BF4B-00C04F79EFBC}") = "TP Final", "TP Final\TP Final.csproj", "{B5394199-99A7-40E3-9FB2-8200D1EA2DBF}"
EndProject
Global
	GlobalSection(SolutionConfigurationPlatforms) = preSolution
		Debug|Any CPU = Debug|Any CPU
		Release|Any CPU = Release|Any CPU
	EndGlobalSection
	GlobalSection(ProjectConfigurationPlatforms) = postSolution
		{B5394199-99A7-40E3-9FB2-8200D1EA2DBF}.Debug|Any CPU.ActiveCfg = Debug|Any CPU
		{B5394199-99A7-40E3-9FB2-8200D1EA2DBF}.Debug|Any CPU.Build.0 = Debug|Any CPU
		{B5394199-99A7-40E3-9FB2-8200D1EA2DBF}.Release|Any CPU.ActiveCfg = Release|Any CPU
		{B5394199-99A7-40E3-9FB2-8200D1EA2DBF}.Release|Any CPU.Build.0 = Release|Any CPU
	EndGlobalSection
	GlobalSection(SolutionProperties) = preSolution
		HideSolutionNode = FALSE
	EndGlobalSection
	GlobalSection(ExtensibilityGlobals) = postSolution
		SolutionGuid = {6C3A25A7-5A32-4706-AABD-0989E7357D9C}
	EndGlobalSection
EndGlobal
